
Microsoft Visual Studio Solution File, Format Version 12.00
# Visual Studio Version 16
VisualStudioVersion = 16.0.29920.165
MinimumVisualStudioVersion = 10.0.40219.1
Project("{8BC9CEB8-8B4A-11D0-8D11-00A0C91BC942}") = "CSCE 2004 - Programming Project 1", "CSCE 2004 - Programming Project 1\CSCE 2004 - Programming Project 1.vcxproj", "{BFF4DE5D-FBC2-40E1-BC86-14AEE0DD9F93}"
EndProject
Global
	GlobalSection(SolutionConfigurationPlatforms) = preSolution
		Debug|x64 = Debug|x64
		Debug|x86 = Debug|x86
		Release|x64 = Release|x64
		Release|x86 = Release|x86
	EndGlobalSection
	GlobalSection(ProjectConfigurationPlatforms) = postSolution
		{BFF4DE5D-FBC2-40E1-BC86-14AEE0DD9F93}.Debug|x64.ActiveCfg = Debug|x64
		{BFF4DE5D-FBC2-40E1-BC86-14AEE0DD9F93}.Debug|x64.Build.0 = Debug|x64
		{BFF4DE5D-FBC2-40E1-BC86-14AEE0DD9F93}.Debug|x86.ActiveCfg = Debug|Win32
		{BFF4DE5D-FBC2-40E1-BC86-14AEE0DD9F93}.Debug|x86.Build.0 = Debug|Win32
		{BFF4DE5D-FBC2-40E1-BC86-14AEE0DD9F93}.Release|x64.ActiveCfg = Release|x64
		{BFF4DE5D-FBC2-40E1-BC86-14AEE0DD9F93}.Release|x64.Build.0 = Release|x64
		{BFF4DE5D-FBC2-40E1-BC86-14AEE0DD9F93}.Release|x86.ActiveCfg = Release|Win32
		{BFF4DE5D-FBC2-40E1-BC86-14AEE0DD9F93}.Release|x86.Build.0 = Release|Win32
	EndGlobalSection
	GlobalSection(SolutionProperties) = preSolution
		HideSolutionNode = FALSE
	EndGlobalSection
	GlobalSection(ExtensibilityGlobals) = postSolution
		SolutionGuid = {649B9E44-BD0C-45A9-AF07-7204C1345851}
	EndGlobalSection
EndGlobal
